// !$*UTF8*$!
{
	archiveVersion = 1;
	classes = {
	};
	objectVersion = 46;
	objects = {

/* Begin PBXBuildFile section */
		3FF0B3D01F8ED76D001DA351 /* AppDelegate.swift in Sources */ = {isa = PBXBuildFile; fileRef = 3FF0B3CF1F8ED76D001DA351 /* AppDelegate.swift */; };
		3FF0B3D21F8ED76D001DA351 /* ViewController.swift in Sources */ = {isa = PBXBuildFile; fileRef = 3FF0B3D11F8ED76D001DA351 /* ViewController.swift */; };
		3FF0B3D51F8ED76D001DA351 /* Main.storyboard in Resources */ = {isa = PBXBuildFile; fileRef = 3FF0B3D31F8ED76D001DA351 /* Main.storyboard */; };
		3FF0B3D71F8ED76D001DA351 /* Assets.xcassets in Resources */ = {isa = PBXBuildFile; fileRef = 3FF0B3D61F8ED76D001DA351 /* Assets.xcassets */; };
		3FF0B3DA1F8ED76D001DA351 /* LaunchScreen.storyboard in Resources */ = {isa = PBXBuildFile; fileRef = 3FF0B3D81F8ED76D001DA351 /* LaunchScreen.storyboard */; };
		3FF0B3E21F8ED9E5001DA351 /* DatePickerViewController.swift in Sources */ = {isa = PBXBuildFile; fileRef = 3FF0B3E11F8ED9E5001DA351 /* DatePickerViewController.swift */; };
		3FF0B3E41F8EDA63001DA351 /* SingleComponentPickerViewController.swift in Sources */ = {isa = PBXBuildFile; fileRef = 3FF0B3E31F8EDA63001DA351 /* SingleComponentPickerViewController.swift */; };
		3FF0B3E61F8EDA7B001DA351 /* DoubleComponentPickerViewController.swift in Sources */ = {isa = PBXBuildFile; fileRef = 3FF0B3E51F8EDA7B001DA351 /* DoubleComponentPickerViewController.swift */; };
		3FF0B3E81F8EDA8A001DA351 /* DependantComponentPickerViewController.swift in Sources */ = {isa = PBXBuildFile; fileRef = 3FF0B3E71F8EDA8A001DA351 /* DependantComponentPickerViewController.swift */; };
		3FF0B3EA1F8EDA97001DA351 /* CustomPickerViewController.swift in Sources */ = {isa = PBXBuildFile; fileRef = 3FF0B3E91F8EDA97001DA351 /* CustomPickerViewController.swift */; };
		3FFD2FF81F8F01AE0090A38A /* statedictionary.plist in Resources */ = {isa = PBXBuildFile; fileRef = 3FFD2FF71F8F01AE0090A38A /* statedictionary.plist */; };
/* End PBXBuildFile section */

/* Begin PBXFileReference section */
		3FF0B3CC1F8ED76D001DA351 /* MAPD714_Lesson6.app */ = {isa = PBXFileReference; explicitFileType = wrapper.application; includeInIndex = 0; path = MAPD714_Lesson6.app; sourceTree = BUILT_PRODUCTS_DIR; };
		3FF0B3CF1F8ED76D001DA351 /* AppDelegate.swift */ = {isa = PBXFileReference; lastKnownFileType = sourcecode.swift; path = AppDelegate.swift; sourceTree = "<group>"; };
		3FF0B3D11F8ED76D001DA351 /* ViewController.swift */ = {isa = PBXFileReference; lastKnownFileType = sourcecode.swift; path = ViewController.swift; sourceTree = "<group>"; };
		3FF0B3D41F8ED76D001DA351 /* Base */ = {isa = PBXFileReference; lastKnownFileType = file.storyboard; name = Base; path = Base.lproj/Main.storyboard; sourceTree = "<group>"; };
		3FF0B3D61F8ED76D001DA351 /* Assets.xcassets */ = {isa = PBXFileReference; lastKnownFileType = folder.assetcatalog; path = Assets.xcassets; sourceTree = "<group>"; };
		3FF0B3D91F8ED76D001DA351 /* Base */ = {isa = PBXFileReference; lastKnownFileType = file.storyboard; name = Base; path = Base.lproj/LaunchScreen.storyboard; sourceTree = "<group>"; };
		3FF0B3DB1F8ED76D001DA351 /* Info.plist */ = {isa = PBXFileReference; lastKnownFileType = text.plist.xml; path = Info.plist; sourceTree = "<group>"; };
		3FF0B3E11F8ED9E5001DA351 /* DatePickerViewController.swift */ = {isa = PBXFileReference; fileEncoding = 4; lastKnownFileType = sourcecode.swift; path = DatePickerViewController.swift; sourceTree = "<group>"; };
		3FF0B3E31F8EDA63001DA351 /* SingleComponentPickerViewController.swift */ = {isa = PBXFileReference; fileEncoding = 4; lastKnownFileType = sourcecode.swift; path = SingleComponentPickerViewController.swift; sourceTree = "<group>"; };
		3FF0B3E51F8EDA7B001DA351 /* DoubleComponentPickerViewController.swift */ = {isa = PBXFileReference; fileEncoding = 4; lastKnownFileType = sourcecode.swift; path = DoubleComponentPickerViewController.swift; sourceTree = "<group>"; };
		3FF0B3E71F8EDA8A001DA351 /* DependantComponentPickerViewController.swift */ = {isa = PBXFileReference; fileEncoding = 4; lastKnownFileType = sourcecode.swift; path = DependantComponentPickerViewController.swift; sourceTree = "<group>"; };
		3FF0B3E91F8EDA97001DA351 /* CustomPickerViewController.swift */ = {isa = PBXFileReference; fileEncoding = 4; lastKnownFileType = sourcecode.swift; path = CustomPickerViewController.swift; sourceTree = "<group>"; };
		3FFD2FF71F8F01AE0090A38A /* statedictionary.plist */ = {isa = PBXFileReference; fileEncoding = 4; lastKnownFileType = text.plist.xml; name = statedictionary.plist; path = "../../../../Downloads/Week 6/statedictionary.plist"; sourceTree = "<group>"; };
/* End PBXFileReference section */

/* Begin PBXFrameworksBuildPhase section */
		3FF0B3C91F8ED76C001DA351 /* Frameworks */ = {
			isa = PBXFrameworksBuildPhase;
			buildActionMask = 2147483647;
			files = (
			);
			runOnlyForDeploymentPostprocessing = 0;
		};
/* End PBXFrameworksBuildPhase section */

/* Begin PBXGroup section */
		3FF0B3C31F8ED76C001DA351 = {
			isa = PBXGroup;
			children = (
				3FF0B3CE1F8ED76D001DA351 /* MAPD714_Lesson6 */,
				3FF0B3CD1F8ED76D001DA351 /* Products */,
			);
			sourceTree = "<group>";
		};
		3FF0B3CD1F8ED76D001DA351 /* Products */ = {
			isa = PBXGroup;
			children = (
				3FF0B3CC1F8ED76D001DA351 /* MAPD714_Lesson6.app */,
			);
			name = Products;
			sourceTree = "<group>";
		};
		3FF0B3CE1F8ED76D001DA351 /* MAPD714_Lesson6 */ = {
			isa = PBXGroup;
			children = (
				3FF0B3CF1F8ED76D001DA351 /* AppDelegate.swift */,
				3FF0B3D11F8ED76D001DA351 /* ViewController.swift */,
				3FF0B3E11F8ED9E5001DA351 /* DatePickerViewController.swift */,
				3FF0B3E31F8EDA63001DA351 /* SingleComponentPickerViewController.swift */,
				3FF0B3E51F8EDA7B001DA351 /* DoubleComponentPickerViewController.swift */,
				3FF0B3E71F8EDA8A001DA351 /* DependantComponentPickerViewController.swift */,
				3FF0B3E91F8EDA97001DA351 /* CustomPickerViewController.swift */,
				3FF0B3D31F8ED76D001DA351 /* Main.storyboard */,
				3FF0B3D61F8ED76D001DA351 /* Assets.xcassets */,
				3FF0B3D81F8ED76D001DA351 /* LaunchScreen.storyboard */,
				3FF0B3DB1F8ED76D001DA351 /* Info.plist */,
				3FFD2FF71F8F01AE0090A38A /* statedictionary.plist */,
			);
			path = MAPD714_Lesson6;
			sourceTree = "<group>";
		};
/* End PBXGroup section */

/* Begin PBXNativeTarget section */
		3FF0B3CB1F8ED76C001DA351 /* MAPD714_Lesson6 */ = {
			isa = PBXNativeTarget;
			buildConfigurationList = 3FF0B3DE1F8ED76D001DA351 /* Build configuration list for PBXNativeTarget "MAPD714_Lesson6" */;
			buildPhases = (
				3FF0B3C81F8ED76C001DA351 /* Sources */,
				3FF0B3C91F8ED76C001DA351 /* Frameworks */,
				3FF0B3CA1F8ED76C001DA351 /* Resources */,
			);
			buildRules = (
			);
			dependencies = (
			);
			name = MAPD714_Lesson6;
			productName = MAPD714_Lesson6;
			productReference = 3FF0B3CC1F8ED76D001DA351 /* MAPD714_Lesson6.app */;
			productType = "com.apple.product-type.application";
		};
/* End PBXNativeTarget section */

/* Begin PBXProject section */
		3FF0B3C41F8ED76C001DA351 /* Project object */ = {
			isa = PBXProject;
			attributes = {
				LastSwiftUpdateCheck = 0820;
				LastUpgradeCheck = 0820;
				ORGANIZATIONNAME = Centennial;
				TargetAttributes = {
					3FF0B3CB1F8ED76C001DA351 = {
						CreatedOnToolsVersion = 8.2.1;
						DevelopmentTeam = 2BULHRS882;
						ProvisioningStyle = Automatic;
					};
				};
			};
			buildConfigurationList = 3FF0B3C71F8ED76C001DA351 /* Build configuration list for PBXProject "MAPD714_Lesson6" */;
			compatibilityVersion = "Xcode 3.2";
			developmentRegion = English;
			hasScannedForEncodings = 0;
			knownRegions = (
				en,
				Base,
			);
			mainGroup = 3FF0B3C31F8ED76C001DA351;
			productRefGroup = 3FF0B3CD1F8ED76D001DA351 /* Products */;
			projectDirPath = "";
			projectRoot = "";
			targets = (
				3FF0B3CB1F8ED76C001DA351 /* MAPD714_Lesson6 */,
			);
		};
/* End PBXProject section */

/* Begin PBXResourcesBuildPhase section */
		3FF0B3CA1F8ED76C001DA351 /* Resources */ = {
			isa = PBXResourcesBuildPhase;
			buildActionMask = 2147483647;
			files = (
				3FF0B3DA1F8ED76D001DA351 /* LaunchScreen.storyboard in Resources */,
				3FF0B3D71F8ED76D001DA351 /* Assets.xcassets in Resources */,
				3FFD2FF81F8F01AE0090A38A /* statedictionary.plist in Resources */,
				3FF0B3D51F8ED76D001DA351 /* Main.storyboard in Resources */,
			);
			runOnlyForDeploymentPostprocessing = 0;
		};
/* End PBXResourcesBuildPhase section */

/* Begin PBXSourcesBuildPhase section */
		3FF0B3C81F8ED76C001DA351 /* Sources */ = {
			isa = PBXSourcesBuildPhase;
			buildActionMask = 2147483647;
			files = (
				3FF0B3E81F8EDA8A001DA351 /* DependantComponentPickerViewController.swift in Sources */,
				3FF0B3D21F8ED76D001DA351 /* ViewController.swift in Sources */,
				3FF0B3D01F8ED76D001DA351 /* AppDelegate.swift in Sources */,
				3FF0B3E61F8EDA7B001DA351 /* DoubleComponentPickerViewController.swift in Sources */,
				3FF0B3EA1F8EDA97001DA351 /* CustomPickerViewController.swift in Sources */,
				3FF0B3E41F8EDA63001DA351 /* SingleComponentPickerViewController.swift in Sources */,
				3FF0B3E21F8ED9E5001DA351 /* DatePickerViewController.swift in Sources */,
			);
			runOnlyForDeploymentPostprocessing = 0;
		};
/* End PBXSourcesBuildPhase section */

/* Begin PBXVariantGroup section */
		3FF0B3D31F8ED76D001DA351 /* Main.storyboard */ = {
			isa = PBXVariantGroup;
			children = (
				3FF0B3D41F8ED76D001DA351 /* Base */,
			);
			name = Main.storyboard;
			sourceTree = "<group>";
		};
		3FF0B3D81F8ED76D001DA351 /* LaunchScreen.storyboard */ = {
			isa = PBXVariantGroup;
			children = (
				3FF0B3D91F8ED76D001DA351 /* Base */,
			);
			name = LaunchScreen.storyboard;
			sourceTree = "<group>";
		};
/* End PBXVariantGroup section */

/* Begin XCBuildConfiguration section */
		3FF0B3DC1F8ED76D001DA351 /* Debug */ = {
			isa = XCBuildConfiguration;
			buildSettings = {
				ALWAYS_SEARCH_USER_PATHS = NO;
				CLANG_ANALYZER_NONNULL = YES;
				CLANG_CXX_LANGUAGE_STANDARD = "gnu++0x";
				CLANG_CXX_LIBRARY = "libc++";
				CLANG_ENABLE_MODULES = YES;
				CLANG_ENABLE_OBJC_ARC = YES;
				CLANG_WARN_BOOL_CONVERSION = YES;
				CLANG_WARN_CONSTANT_CONVERSION = YES;
				CLANG_WARN_DIRECT_OBJC_ISA_USAGE = YES_ERROR;
				CLANG_WARN_DOCUMENTATION_COMMENTS = YES;
				CLANG_WARN_EMPTY_BODY = YES;
				CLANG_WARN_ENUM_CONVERSION = YES;
				CLANG_WARN_INFINITE_RECURSION = YES;
				CLANG_WARN_INT_CONVERSION = YES;
				CLANG_WARN_OBJC_ROOT_CLASS = YES_ERROR;
				CLANG_WARN_SUSPICIOUS_MOVE = YES;
				CLANG_WARN_UNREACHABLE_CODE = YES;
				CLANG_WARN__DUPLICATE_METHOD_MATCH = YES;
				"CODE_SIGN_IDENTITY[sdk=iphoneos*]" = "iPhone Developer";
				COPY_PHASE_STRIP = NO;
				DEBUG_INFORMATION_FORMAT = dwarf;
				ENABLE_STRICT_OBJC_MSGSEND = YES;
				ENABLE_TESTABILITY = YES;
				GCC_C_LANGUAGE_STANDARD = gnu99;
				GCC_DYNAMIC_NO_PIC = NO;
				GCC_NO_COMMON_BLOCKS = YES;
				GCC_OPTIMIZATION_LEVEL = 0;
				GCC_PREPROCESSOR_DEFINITIONS = (
					"DEBUG=1",
					"$(inherited)",
				);
				GCC_WARN_64_TO_32_BIT_CONVERSION = YES;
				GCC_WARN_ABOUT_RETURN_TYPE = YES_ERROR;
				GCC_WARN_UNDECLARED_SELECTOR = YES;
				GCC_WARN_UNINITIALIZED_AUTOS = YES_AGGRESSIVE;
				GCC_WARN_UNUSED_FUNCTION = YES;
				GCC_WARN_UNUSED_VARIABLE = YES;
				IPHONEOS_DEPLOYMENT_TARGET = 10.2;
				MTL_ENABLE_DEBUG_INFO = YES;
				ONLY_ACTIVE_ARCH = YES;
				SDKROOT = iphoneos;
				SWIFT_ACTIVE_COMPILATION_CONDITIONS = DEBUG;
				SWIFT_OPTIMIZATION_LEVEL = "-Onone";
			};
			name = Debug;
		};
		3FF0B3DD1F8ED76D001DA351 /* Release */ = {
			isa = XCBuildConfiguration;
			buildSettings = {
				ALWAYS_SEARCH_USER_PATHS = NO;
				CLANG_ANALYZER_NONNULL = YES;
				CLANG_CXX_LANGUAGE_STANDARD = "gnu++0x";
				CLANG_CXX_LIBRARY = "libc++";
				CLANG_ENABLE_MODULES = YES;
				CLANG_ENABLE_OBJC_ARC = YES;
				CLANG_WARN_BOOL_CONVERSION = YES;
				CLANG_WARN_CONSTANT_CONVERSION = YES;
				CLANG_WARN_DIRECT_OBJC_ISA_USAGE = YES_ERROR;
				CLANG_WARN_DOCUMENTATION_COMMENTS = YES;
				CLANG_WARN_EMPTY_BODY = YES;
				CLANG_WARN_ENUM_CONVERSION = YES;
				CLANG_WARN_INFINITE_RECURSION = YES;
				CLANG_WARN_INT_CONVERSION = YES;
				CLANG_WARN_OBJC_ROOT_CLASS = YES_ERROR;
				CLANG_WARN_SUSPICIOUS_MOVE = YES;
				CLANG_WARN_UNREACHABLE_CODE = YES;
				CLANG_WARN__DUPLICATE_METHOD_MATCH = YES;
				"CODE_SIGN_IDENTITY[sdk=iphoneos*]" = "iPhone Developer";
				COPY_PHASE_STRIP = NO;
				DEBUG_INFORMATION_FORMAT = "dwarf-with-dsym";
				ENABLE_NS_ASSERTIONS = NO;
				ENABLE_STRICT_OBJC_MSGSEND = YES;
				GCC_C_LANGUAGE_STANDARD = gnu99;
				GCC_NO_COMMON_BLOCKS = YES;
				GCC_WARN_64_TO_32_BIT_CONVERSION = YES;
				GCC_WARN_ABOUT_RETURN_TYPE = YES_ERROR;
				GCC_WARN_UNDECLARED_SELECTOR = YES;
				GCC_WARN_UNINITIALIZED_AUTOS = YES_AGGRESSIVE;
				GCC_WARN_UNUSED_FUNCTION = YES;
				GCC_WARN_UNUSED_VARIABLE = YES;
				IPHONEOS_DEPLOYMENT_TARGET = 10.2;
				MTL_ENABLE_DEBUG_INFO = NO;
				SDKROOT = iphoneos;
				SWIFT_OPTIMIZATION_LEVEL = "-Owholemodule";
				VALIDATE_PRODUCT = YES;
			};
			name = Release;
		};
		3FF0B3DF1F8ED76D001DA351 /* Debug */ = {
			isa = XCBuildConfiguration;
			buildSettings = {
				ASSETCATALOG_COMPILER_APPICON_NAME = AppIcon;
				DEVELOPMENT_TEAM = 2BULHRS882;
				INFOPLIST_FILE = MAPD714_Lesson6/Info.plist;
				LD_RUNPATH_SEARCH_PATHS = "$(inherited) @executable_path/Frameworks";
				PRODUCT_BUNDLE_IDENTIFIER = "ca.centennialcollege.MAPD714-Lesson6";
				PRODUCT_NAME = "$(TARGET_NAME)";
				SWIFT_VERSION = 3.0;
			};
			name = Debug;
		};
		3FF0B3E01F8ED76D001DA351 /* Release */ = {
			isa = XCBuildConfiguration;
			buildSettings = {
				ASSETCATALOG_COMPILER_APPICON_NAME = AppIcon;
				DEVELOPMENT_TEAM = 2BULHRS882;
				INFOPLIST_FILE = MAPD714_Lesson6/Info.plist;
				LD_RUNPATH_SEARCH_PATHS = "$(inherited) @executable_path/Frameworks";
				PRODUCT_BUNDLE_IDENTIFIER = "ca.centennialcollege.MAPD714-Lesson6";
				PRODUCT_NAME = "$(TARGET_NAME)";
				SWIFT_VERSION = 3.0;
			};
			name = Release;
		};
/* End XCBuildConfiguration section */

/* Begin XCConfigurationList section */
		3FF0B3C71F8ED76C001DA351 /* Build configuration list for PBXProject "MAPD714_Lesson6" */ = {
			isa = XCConfigurationList;
			buildConfigurations = (
				3FF0B3DC1F8ED76D001DA351 /* Debug */,
				3FF0B3DD1F8ED76D001DA351 /* Release */,
			);
			defaultConfigurationIsVisible = 0;
			defaultConfigurationName = Release;
		};
		3FF0B3DE1F8ED76D001DA351 /* Build configuration list for PBXNativeTarget "MAPD714_Lesson6" */ = {
			isa = XCConfigurationList;
			buildConfigurations = (
				3FF0B3DF1F8ED76D001DA351 /* Debug */,
				3FF0B3E01F8ED76D001DA351 /* Release */,
			);
			defaultConfigurationIsVisible = 0;
			defaultConfigurationName = Release;
		};
/* End XCConfigurationList section */
	};
	rootObject = 3FF0B3C41F8ED76C001DA351 /* Project object */;
}
